
Microsoft Visual Studio Solution File, Format Version 12.00
# Visual Studio Version 16
VisualStudioVersion = 16.0.31702.278
MinimumVisualStudioVersion = 10.0.40219.1
Project("{FAE04EC0-301F-11D3-BF4B-00C04F79EFBC}") = "Add names1", "Add names1\Add names1.csproj", "{819D2AC9-D68C-4E8E-836F-DE1766DA00A6}"
EndProject
Global
	GlobalSection(SolutionConfigurationPlatforms) = preSolution
		Debug|Any CPU = Debug|Any CPU
		Release|Any CPU = Release|Any CPU
	EndGlobalSection
	GlobalSection(ProjectConfigurationPlatforms) = postSolution
		{819D2AC9-D68C-4E8E-836F-DE1766DA00A6}.Debug|Any CPU.ActiveCfg = Debug|Any CPU
		{819D2AC9-D68C-4E8E-836F-DE1766DA00A6}.Debug|Any CPU.Build.0 = Debug|Any CPU
		{819D2AC9-D68C-4E8E-836F-DE1766DA00A6}.Release|Any CPU.ActiveCfg = Release|Any CPU
		{819D2AC9-D68C-4E8E-836F-DE1766DA00A6}.Release|Any CPU.Build.0 = Release|Any CPU
	EndGlobalSection
	GlobalSection(SolutionProperties) = preSolution
		HideSolutionNode = FALSE
	EndGlobalSection
	GlobalSection(ExtensibilityGlobals) = postSolution
		SolutionGuid = {5A169CEB-2214-49D9-99A1-7C1C8A12588E}
	EndGlobalSection
EndGlobal
